
Microsoft Visual Studio Solution File, Format Version 12.00
# Visual Studio 15
VisualStudioVersion = 15.0.28307.1000
MinimumVisualStudioVersion = 10.0.40219.1
Project("{FAE04EC0-301F-11D3-BF4B-00C04F79EFBC}") = "LocalFilmLibrary", "LocalFilmLibrary\LocalFilmLibrary.csproj", "{D5CD3EF9-C3E8-4AB6-837B-F99915CDEB66}"
EndProject
Global
	GlobalSection(SolutionConfigurationPlatforms) = preSolution
		Debug|Any CPU = Debug|Any CPU
		Release|Any CPU = Release|Any CPU
	EndGlobalSection
	GlobalSection(ProjectConfigurationPlatforms) = postSolution
		{D5CD3EF9-C3E8-4AB6-837B-F99915CDEB66}.Debug|Any CPU.ActiveCfg = Debug|Any CPU
		{D5CD3EF9-C3E8-4AB6-837B-F99915CDEB66}.Debug|Any CPU.Build.0 = Debug|Any CPU
		{D5CD3EF9-C3E8-4AB6-837B-F99915CDEB66}.Release|Any CPU.ActiveCfg = Release|Any CPU
		{D5CD3EF9-C3E8-4AB6-837B-F99915CDEB66}.Release|Any CPU.Build.0 = Release|Any CPU
	EndGlobalSection
	GlobalSection(SolutionProperties) = preSolution
		HideSolutionNode = FALSE
	EndGlobalSection
	GlobalSection(ExtensibilityGlobals) = postSolution
		SolutionGuid = {128F76DB-E877-4D48-91C5-B69D80E4D887}
	EndGlobalSection
EndGlobal
